PODS:
  - CocoapodsSubspecBug/One (0.1.0):
    - GoogleToolboxForMac/NSData+zlib (~> 2.1)
  - CocoapodsSubspecBug/Two (0.1.0):
    - CocoapodsSubspecBug/One
    - GoogleToolboxForMac/NSDictionary+URLArguments (~> 2.1)
  - GoogleToolboxForMac/DebugUtils (2.1.1):
    - GoogleToolboxForMac/Defines (= 2.1.1)
  - GoogleToolboxForMac/Defines (2.1.1)
  - GoogleToolboxForMac/NSData+zlib (2.1.1):
    - GoogleToolboxForMac/Defines (= 2.1.1)
  - GoogleToolboxForMac/NSDictionary+URLArguments (2.1.1):
    - GoogleToolboxForMac/DebugUtils (= 2.1.1)
    - GoogleToolboxForMac/Defines (= 2.1.1)
    - GoogleToolboxForMac/NSString+URLArguments (= 2.1.1)
  - GoogleToolboxForMac/NSString+URLArguments (2.1.1)

DEPENDENCIES:
  - CocoapodsSubspecBug/Two (from `../`)

EXTERNAL SOURCES:
  CocoapodsSubspecBug:
    :path: ../

SPEC CHECKSUMS:
  CocoapodsSubspecBug: 74bd69dce9958155c50749076894ce40b6ff01f6
  GoogleToolboxForMac: 8e329f1b599f2512c6b10676d45736bcc2cbbeb0

PODFILE CHECKSUM: 1a45b03bc09ae86e32d99545da326ea84f3f3834

COCOAPODS: 1.2.0
