PODS:
  - CocoapodsSubspecBug (0.1.0):
    - GoogleToolboxForMac/NSDictionary+URLArguments (~> 2.1)
    - Other
  - GoogleToolboxForMac/DebugUtils (2.1.1):
    - GoogleToolboxForMac/Defines (= 2.1.1)
  - GoogleToolboxForMac/Defines (2.1.1)
  - GoogleToolboxForMac/NSData+zlib (2.1.1):
    - GoogleToolboxForMac/Defines (= 2.1.1)
  - GoogleToolboxForMac/NSDictionary+URLArguments (2.1.1):
    - GoogleToolboxForMac/DebugUtils (= 2.1.1)
    - GoogleToolboxForMac/Defines (= 2.1.1)
    - GoogleToolboxForMac/NSString+URLArguments (= 2.1.1)
  - GoogleToolboxForMac/NSString+URLArguments (2.1.1)
  - Other (0.1.0):
    - GoogleToolboxForMac/NSData+zlib (~> 2.1)

DEPENDENCIES:
  - CocoapodsSubspecBug (from `../`)
  - Other (from `../`)

EXTERNAL SOURCES:
  CocoapodsSubspecBug:
    :path: ../
  Other:
    :path: ../

SPEC CHECKSUMS:
  CocoapodsSubspecBug: a8579b73d35b10cefc9dc3dcfa21ddffc1e6965a
  GoogleToolboxForMac: 8e329f1b599f2512c6b10676d45736bcc2cbbeb0
  Other: 2ebe891ad81d980c5379f681c2bf43af09baa025

PODFILE CHECKSUM: 142db75f83b94c67d034403fa5f8dfff4ac5f2eb

COCOAPODS: 1.2.0
